// !$*UTF8*$!
{
	archiveVersion = 1;
	classes = {
	};
	objectVersion = 46;
	objects = {

/* Begin PBXBuildFile section */
		00A539D51D5633F7003F148E /* AppDelegate.swift in Sources */ = {isa = PBXBuildFile; fileRef = 00A539D41D5633F7003F148E /* AppDelegate.swift */; };
		00A539D71D5633F7003F148E /* ViewController.swift in Sources */ = {isa = PBXBuildFile; fileRef = 00A539D61D5633F7003F148E /* ViewController.swift */; };
		00A539DA1D5633F7003F148E /* Main.storyboard in Resources */ = {isa = PBXBuildFile; fileRef = 00A539D81D5633F7003F148E /* Main.storyboard */; };
		00A539DC1D5633F7003F148E /* Assets.xcassets in Resources */ = {isa = PBXBuildFile; fileRef = 00A539DB1D5633F7003F148E /* Assets.xcassets */; };
		00A539DF1D5633F7003F148E /* LaunchScreen.storyboard in Resources */ = {isa = PBXBuildFile; fileRef = 00A539DD1D5633F7003F148E /* LaunchScreen.storyboard */; };
/* End PBXBuildFile section */

/* Begin PBXFileReference section */
		00A539D11D5633F7003F148E /* Linc's Voice Changer.app */ = {isa = PBXFileReference; explicitFileType = wrapper.application; includeInIndex = 0; path = "Linc's Voice Changer.app"; sourceTree = BUILT_PRODUCTS_DIR; };
		00A539D41D5633F7003F148E /* AppDelegate.swift */ = {isa = PBXFileReference; lastKnownFileType = sourcecode.swift; path = AppDelegate.swift; sourceTree = "<group>"; };
		00A539D61D5633F7003F148E /* ViewController.swift */ = {isa = PBXFileReference; lastKnownFileType = sourcecode.swift; path = ViewController.swift; sourceTree = "<group>"; };
		00A539D91D5633F7003F148E /* Base */ = {isa = PBXFileReference; lastKnownFileType = file.storyboard; name = Base; path = Base.lproj/Main.storyboard; sourceTree = "<group>"; };
		00A539DB1D5633F7003F148E /* Assets.xcassets */ = {isa = PBXFileReference; lastKnownFileType = folder.assetcatalog; path = Assets.xcassets; sourceTree = "<group>"; };
		00A539DE1D5633F7003F148E /* Base */ = {isa = PBXFileReference; lastKnownFileType = file.storyboard; name = Base; path = Base.lproj/LaunchScreen.storyboard; sourceTree = "<group>"; };
		00A539E01D5633F7003F148E /* Info.plist */ = {isa = PBXFileReference; lastKnownFileType = text.plist.xml; path = Info.plist; sourceTree = "<group>"; };
/* End PBXFileReference section */

/* Begin PBXFrameworksBuildPhase section */
		00A539CE1D5633F7003F148E /* Frameworks */ = {
			isa = PBXFrameworksBuildPhase;
			buildActionMask = 2147483647;
			files = (
			);
			runOnlyForDeploymentPostprocessing = 0;
		};
/* End PBXFrameworksBuildPhase section */

/* Begin PBXGroup section */
		00A539C81D5633F7003F148E = {
			isa = PBXGroup;
			children = (
				00A539D31D5633F7003F148E /* Linc's Voice Changer */,
				00A539D21D5633F7003F148E /* Products */,
			);
			sourceTree = "<group>";
		};
		00A539D21D5633F7003F148E /* Products */ = {
			isa = PBXGroup;
			children = (
				00A539D11D5633F7003F148E /* Linc's Voice Changer.app */,
			);
			name = Products;
			sourceTree = "<group>";
		};
		00A539D31D5633F7003F148E /* Linc's Voice Changer */ = {
			isa = PBXGroup;
			children = (
				00A539D41D5633F7003F148E /* AppDelegate.swift */,
				00A539D61D5633F7003F148E /* ViewController.swift */,
				00A539D81D5633F7003F148E /* Main.storyboard */,
				00A539DB1D5633F7003F148E /* Assets.xcassets */,
				00A539DD1D5633F7003F148E /* LaunchScreen.storyboard */,
				00A539E01D5633F7003F148E /* Info.plist */,
			);
			path = "Linc's Voice Changer";
			sourceTree = "<group>";
		};
/* End PBXGroup section */

/* Begin PBXNativeTarget section */
		00A539D01D5633F7003F148E /* Linc's Voice Changer */ = {
			isa = PBXNativeTarget;
			buildConfigurationList = 00A539E31D5633F7003F148E /* Build configuration list for PBXNativeTarget "Linc's Voice Changer" */;
			buildPhases = (
				00A539CD1D5633F7003F148E /* Sources */,
				00A539CE1D5633F7003F148E /* Frameworks */,
				00A539CF1D5633F7003F148E /* Resources */,
			);
			buildRules = (
			);
			dependencies = (
			);
			name = "Linc's Voice Changer";
			productName = "Linc's Voice Changer";
			productReference = 00A539D11D5633F7003F148E /* Linc's Voice Changer.app */;
			productType = "com.apple.product-type.application";
		};
/* End PBXNativeTarget section */

/* Begin PBXProject section */
		00A539C91D5633F7003F148E /* Project object */ = {
			isa = PBXProject;
			attributes = {
				LastSwiftUpdateCheck = 0730;
				LastUpgradeCheck = 0730;
				ORGANIZATIONNAME = LimauroDev;
				TargetAttributes = {
					00A539D01D5633F7003F148E = {
						CreatedOnToolsVersion = 7.3.1;
					};
				};
			};
			buildConfigurationList = 00A539CC1D5633F7003F148E /* Build configuration list for PBXProject "Linc's Voice Changer" */;
			compatibilityVersion = "Xcode 3.2";
			developmentRegion = English;
			hasScannedForEncodings = 0;
			knownRegions = (
				en,
				Base,
			);
			mainGroup = 00A539C81D5633F7003F148E;
			productRefGroup = 00A539D21D5633F7003F148E /* Products */;
			projectDirPath = "";
			projectRoot = "";
			targets = (
				00A539D01D5633F7003F148E /* Linc's Voice Changer */,
			);
		};
/* End PBXProject section */

/* Begin PBXResourcesBuildPhase section */
		00A539CF1D5633F7003F148E /* Resources */ = {
			isa = PBXResourcesBuildPhase;
			buildActionMask = 2147483647;
			files = (
				00A539DF1D5633F7003F148E /* LaunchScreen.storyboard in Resources */,
				00A539DC1D5633F7003F148E /* Assets.xcassets in Resources */,
				00A539DA1D5633F7003F148E /* Main.storyboard in Resources */,
			);
			runOnlyForDeploymentPostprocessing = 0;
		};
/* End PBXResourcesBuildPhase section */

/* Begin PBXSourcesBuildPhase section */
		00A539CD1D5633F7003F148E /* Sources */ = {
			isa = PBXSourcesBuildPhase;
			buildActionMask = 2147483647;
			files = (
				00A539D71D5633F7003F148E /* ViewController.swift in Sources */,
				00A539D51D5633F7003F148E /* AppDelegate.swift in Sources */,
			);
			runOnlyForDeploymentPostprocessing = 0;
		};
/* End PBXSourcesBuildPhase section */

/* Begin PBXVariantGroup section */
		00A539D81D5633F7003F148E /* Main.storyboard */ = {
			isa = PBXVariantGroup;
			children = (
				00A539D91D5633F7003F148E /* Base */,
			);
			name = Main.storyboard;
			sourceTree = "<group>";
		};
		00A539DD1D5633F7003F148E /* LaunchScreen.storyboard */ = {
			isa = PBXVariantGroup;
			children = (
				00A539DE1D5633F7003F148E /* Base */,
			);
			name = LaunchScreen.storyboard;
			sourceTree = "<group>";
		};
/* End PBXVariantGroup section */

/* Begin XCBuildConfiguration section */
		00A539E11D5633F7003F148E /* Debug */ = {
			isa = XCBuildConfiguration;
			buildSettings = {
				ALWAYS_SEARCH_USER_PATHS = NO;
				CLANG_ANALYZER_NONNULL = YES;
				CLANG_CXX_LANGUAGE_STANDARD = "gnu++0x";
				CLANG_CXX_LIBRARY = "libc++";
				CLANG_ENABLE_MODULES = YES;
				CLANG_ENABLE_OBJC_ARC = YES;
				CLANG_WARN_BOOL_CONVERSION = YES;
				CLANG_WARN_CONSTANT_CONVERSION = YES;
				CLANG_WARN_DIRECT_OBJC_ISA_USAGE = YES_ERROR;
				CLANG_WARN_EMPTY_BODY = YES;
				CLANG_WARN_ENUM_CONVERSION = YES;
				CLANG_WARN_INT_CONVERSION = YES;
				CLANG_WARN_OBJC_ROOT_CLASS = YES_ERROR;
				CLANG_WARN_UNREACHABLE_CODE = YES;
				CLANG_WARN__DUPLICATE_METHOD_MATCH = YES;
				"CODE_SIGN_IDENTITY[sdk=iphoneos*]" = "iPhone Developer";
				COPY_PHASE_STRIP = NO;
				DEBUG_INFORMATION_FORMAT = dwarf;
				ENABLE_STRICT_OBJC_MSGSEND = YES;
				ENABLE_TESTABILITY = YES;
				GCC_C_LANGUAGE_STANDARD = gnu99;
				GCC_DYNAMIC_NO_PIC = NO;
				GCC_NO_COMMON_BLOCKS = YES;
				GCC_OPTIMIZATION_LEVEL = 0;
				GCC_PREPROCESSOR_DEFINITIONS = (
					"DEBUG=1",
					"$(inherited)",
				);
				GCC_WARN_64_TO_32_BIT_CONVERSION = YES;
				GCC_WARN_ABOUT_RETURN_TYPE = YES_ERROR;
				GCC_WARN_UNDECLARED_SELECTOR = YES;
				GCC_WARN_UNINITIALIZED_AUTOS = YES_AGGRESSIVE;
				GCC_WARN_UNUSED_FUNCTION = YES;
				GCC_WARN_UNUSED_VARIABLE = YES;
				IPHONEOS_DEPLOYMENT_TARGET = 9.3;
				MTL_ENABLE_DEBUG_INFO = YES;
				ONLY_ACTIVE_ARCH = YES;
				SDKROOT = iphoneos;
				SWIFT_OPTIMIZATION_LEVEL = "-Onone";
				TARGETED_DEVICE_FAMILY = "1,2";
			};
			name = Debug;
		};
		00A539E21D5633F7003F148E /* Release */ = {
			isa = XCBuildConfiguration;
			buildSettings = {
				ALWAYS_SEARCH_USER_PATHS = NO;
				CLANG_ANALYZER_NONNULL = YES;
				CLANG_CXX_LANGUAGE_STANDARD = "gnu++0x";
				CLANG_CXX_LIBRARY = "libc++";
				CLANG_ENABLE_MODULES = YES;
				CLANG_ENABLE_OBJC_ARC = YES;
				CLANG_WARN_BOOL_CONVERSION = YES;
				CLANG_WARN_CONSTANT_CONVERSION = YES;
				CLANG_WARN_DIRECT_OBJC_ISA_USAGE = YES_ERROR;
				CLANG_WARN_EMPTY_BODY = YES;
				CLANG_WARN_ENUM_CONVERSION = YES;
				CLANG_WARN_INT_CONVERSION = YES;
				CLANG_WARN_OBJC_ROOT_CLASS = YES_ERROR;
				CLANG_WARN_UNREACHABLE_CODE = YES;
				CLANG_WARN__DUPLICATE_METHOD_MATCH = YES;
				"CODE_SIGN_IDENTITY[sdk=iphoneos*]" = "iPhone Developer";
				COPY_PHASE_STRIP = NO;
				DEBUG_INFORMATION_FORMAT = "dwarf-with-dsym";
				ENABLE_NS_ASSERTIONS = NO;
				ENABLE_STRICT_OBJC_MSGSEND = YES;
				GCC_C_LANGUAGE_STANDARD = gnu99;
				GCC_NO_COMMON_BLOCKS = YES;
				GCC_WARN_64_TO_32_BIT_CONVERSION = YES;
				GCC_WARN_ABOUT_RETURN_TYPE = YES_ERROR;
				GCC_WARN_UNDECLARED_SELECTOR = YES;
				GCC_WARN_UNINITIALIZED_AUTOS = YES_AGGRESSIVE;
				GCC_WARN_UNUSED_FUNCTION = YES;
				GCC_WARN_UNUSED_VARIABLE = YES;
				IPHONEOS_DEPLOYMENT_TARGET = 9.3;
				MTL_ENABLE_DEBUG_INFO = NO;
				SDKROOT = iphoneos;
				TARGETED_DEVICE_FAMILY = "1,2";
				VALIDATE_PRODUCT = YES;
			};
			name = Release;
		};
		00A539E41D5633F7003F148E /* Debug */ = {
			isa = XCBuildConfiguration;
			buildSettings = {
				ASSETCATALOG_COMPILER_APPICON_NAME = AppIcon;
				INFOPLIST_FILE = "Linc's Voice Changer/Info.plist";
				IPHONEOS_DEPLOYMENT_TARGET = 8.4;
				LD_RUNPATH_SEARCH_PATHS = "$(inherited) @executable_path/Frameworks";
				PRODUCT_BUNDLE_IDENTIFIER = "com.LimauroDev.Linc-s-Voice-Changer";
				PRODUCT_NAME = "$(TARGET_NAME)";
			};
			name = Debug;
		};
		00A539E51D5633F7003F148E /* Release */ = {
			isa = XCBuildConfiguration;
			buildSettings = {
				ASSETCATALOG_COMPILER_APPICON_NAME = AppIcon;
				INFOPLIST_FILE = "Linc's Voice Changer/Info.plist";
				IPHONEOS_DEPLOYMENT_TARGET = 8.4;
				LD_RUNPATH_SEARCH_PATHS = "$(inherited) @executable_path/Frameworks";
				PRODUCT_BUNDLE_IDENTIFIER = "com.LimauroDev.Linc-s-Voice-Changer";
				PRODUCT_NAME = "$(TARGET_NAME)";
			};
			name = Release;
		};
/* End XCBuildConfiguration section */

/* Begin XCConfigurationList section */
		00A539CC1D5633F7003F148E /* Build configuration list for PBXProject "Linc's Voice Changer" */ = {
			isa = XCConfigurationList;
			buildConfigurations = (
				00A539E11D5633F7003F148E /* Debug */,
				00A539E21D5633F7003F148E /* Release */,
			);
			defaultConfigurationIsVisible = 0;
			defaultConfigurationName = Release;
		};
		00A539E31D5633F7003F148E /* Build configuration list for PBXNativeTarget "Linc's Voice Changer" */ = {
			isa = XCConfigurationList;
			buildConfigurations = (
				00A539E41D5633F7003F148E /* Debug */,
				00A539E51D5633F7003F148E /* Release */,
			);
			defaultConfigurationIsVisible = 0;
		};
/* End XCConfigurationList section */
	};
	rootObject = 00A539C91D5633F7003F148E /* Project object */;
}
